
Microsoft Visual Studio Solution File, Format Version 10.00
# Visual Studio 2008
Project("{8BC9CEB8-8B4A-11D0-8D11-00A0C91BC942}") = "scanlib", "scanlib.vcproj", "{B30F7604-048B-4651-8E23-BC0E3068C8F8}"
EndProject
Global
	GlobalSection(SolutionConfigurationPlatforms) = preSolution
		Debug-DLL|Win32 = Debug-DLL|Win32
		Debug-Standalone|Win32 = Debug-Standalone|Win32
	EndGlobalSection
	GlobalSection(ProjectConfigurationPlatforms) = postSolution
		{B30F7604-048B-4651-8E23-BC0E3068C8F8}.Debug-DLL|Win32.ActiveCfg = DebugDLL|Win32
		{B30F7604-048B-4651-8E23-BC0E3068C8F8}.Debug-DLL|Win32.Build.0 = DebugDLL|Win32
		{B30F7604-048B-4651-8E23-BC0E3068C8F8}.Debug-Standalone|Win32.ActiveCfg = Debug|Win32
		{B30F7604-048B-4651-8E23-BC0E3068C8F8}.Debug-Standalone|Win32.Build.0 = Debug|Win32
	EndGlobalSection
	GlobalSection(SolutionProperties) = preSolution
		HideSolutionNode = FALSE
	EndGlobalSection
EndGlobal
