Microsoft Visual Studio Solution File, Format Version 8.00
Project("{8BC9CEB8-8B4A-11D0-8D11-00A0C91BC942}") = "example", "example.vcproj", "{0A7E9983-06D9-4216-94C8-38EE4F7F3490}"
	ProjectSection(ProjectDependencies) = postProject
		{045B440F-4360-4BD4-B1D9-5B522AF66BE3} = {045B440F-4360-4BD4-B1D9-5B522AF66BE3}
	EndProjectSection
EndProject
Project("{8BC9CEB8-8B4A-11D0-8D11-00A0C91BC942}") = "minigzip", "minigzip.vcproj", "{29155F15-8B53-44AA-9BCA-6CF2385788F7}"
	ProjectSection(ProjectDependencies) = postProject
		{045B440F-4360-4BD4-B1D9-5B522AF66BE3} = {045B440F-4360-4BD4-B1D9-5B522AF66BE3}
	EndProjectSection
EndProject
Project("{8BC9CEB8-8B4A-11D0-8D11-00A0C91BC942}") = "zlib", "zlib.vcproj", "{045B440F-4360-4BD4-B1D9-5B522AF66BE3}"
	ProjectSection(ProjectDependencies) = postProject
	EndProjectSection
EndProject
Global
	GlobalSection(SolutionConfiguration) = preSolution
		DLL ASM Debug = DLL ASM Debug
		DLL ASM Release = DLL ASM Release
		DLL Debug = DLL Debug
		DLL Release = DLL Release
		LIB ASM Debug = LIB ASM Debug
		LIB ASM Release = LIB ASM Release
		LIB Debug = LIB Debug
		LIB Release = LIB Release
	EndGlobalSection
	GlobalSection(ProjectDependencies) = postSolution
	EndGlobalSection
	GlobalSection(ProjectConfiguration) = postSolution
		{0A7E9983-06D9-4216-94C8-38EE4F7F3490}.DLL ASM Debug.ActiveCfg = DLL ASM Debug|Win32
		{0A7E9983-06D9-4216-94C8-38EE4F7F3490}.DLL ASM Debug.Build.0 = DLL ASM Debug|Win32
		{0A7E9983-06D9-4216-94C8-38EE4F7F3490}.DLL ASM Release.ActiveCfg = DLL ASM Release|Win32
		{0A7E9983-06D9-4216-94C8-38EE4F7F3490}.DLL ASM Release.Build.0 = DLL ASM Release|Win32
		{0A7E9983-06D9-4216-94C8-38EE4F7F3490}.DLL Debug.ActiveCfg = DLL Debug|Win32
		{0A7E9983-06D9-4216-94C8-38EE4F7F3490}.DLL Debug.Build.0 = DLL Debug|Win32
		{0A7E9983-06D9-4216-94C8-38EE4F7F3490}.DLL Release.ActiveCfg = DLL Release|Win32
		{0A7E9983-06D9-4216-94C8-38EE4F7F3490}.DLL Release.Build.0 = DLL Release|Win32
		{0A7E9983-06D9-4216-94C8-38EE4F7F3490}.LIB ASM Debug.ActiveCfg = LIB ASM Debug|Win32
		{0A7E9983-06D9-4216-94C8-38EE4F7F3490}.LIB ASM Debug.Build.0 = LIB ASM Debug|Win32
		{0A7E9983-06D9-4216-94C8-38EE4F7F3490}.LIB ASM Release.ActiveCfg = LIB ASM Release|Win32
		{0A7E9983-06D9-4216-94C8-38EE4F7F3490}.LIB ASM Release.Build.0 = LIB ASM Release|Win32
		{0A7E9983-06D9-4216-94C8-38EE4F7F3490}.LIB Debug.ActiveCfg = LIB Debug|Win32
		{0A7E9983-06D9-4216-94C8-38EE4F7F3490}.LIB Debug.Build.0 = LIB Debug|Win32
		{0A7E9983-06D9-4216-94C8-38EE4F7F3490}.LIB Release.ActiveCfg = LIB Release|Win32
		{0A7E9983-06D9-4216-94C8-38EE4F7F3490}.LIB Release.Build.0 = LIB Release|Win32
		{29155F15-8B53-44AA-9BCA-6CF2385788F7}.DLL ASM Debug.ActiveCfg = DLL ASM Debug|Win32
		{29155F15-8B53-44AA-9BCA-6CF2385788F7}.DLL ASM Debug.Build.0 = DLL ASM Debug|Win32
		{29155F15-8B53-44AA-9BCA-6CF2385788F7}.DLL ASM Release.ActiveCfg = DLL ASM Release|Win32
		{29155F15-8B53-44AA-9BCA-6CF2385788F7}.DLL ASM Release.Build.0 = DLL ASM Release|Win32
		{29155F15-8B53-44AA-9BCA-6CF2385788F7}.DLL Debug.ActiveCfg = DLL Debug|Win32
		{29155F15-8B53-44AA-9BCA-6CF2385788F7}.DLL Debug.Build.0 = DLL Debug|Win32
		{29155F15-8B53-44AA-9BCA-6CF2385788F7}.DLL Release.ActiveCfg = DLL Release|Win32
		{29155F15-8B53-44AA-9BCA-6CF2385788F7}.DLL Release.Build.0 = DLL Release|Win32
		{29155F15-8B53-44AA-9BCA-6CF2385788F7}.LIB ASM Debug.ActiveCfg = LIB ASM Debug|Win32
		{29155F15-8B53-44AA-9BCA-6CF2385788F7}.LIB ASM Debug.Build.0 = LIB ASM Debug|Win32
		{29155F15-8B53-44AA-9BCA-6CF2385788F7}.LIB ASM Release.ActiveCfg = LIB ASM Release|Win32
		{29155F15-8B53-44AA-9BCA-6CF2385788F7}.LIB ASM Release.Build.0 = LIB ASM Release|Win32
		{29155F15-8B53-44AA-9BCA-6CF2385788F7}.LIB Debug.ActiveCfg = LIB Debug|Win32
		{29155F15-8B53-44AA-9BCA-6CF2385788F7}.LIB Debug.Build.0 = LIB Debug|Win32
		{29155F15-8B53-44AA-9BCA-6CF2385788F7}.LIB Release.ActiveCfg = LIB Release|Win32
		{29155F15-8B53-44AA-9BCA-6CF2385788F7}.LIB Release.Build.0 = LIB Release|Win32
		{045B440F-4360-4BD4-B1D9-5B522AF66BE3}.DLL ASM Debug.ActiveCfg = DLL ASM Debug|Win32
		{045B440F-4360-4BD4-B1D9-5B522AF66BE3}.DLL ASM Debug.Build.0 = DLL ASM Debug|Win32
		{045B440F-4360-4BD4-B1D9-5B522AF66BE3}.DLL ASM Release.ActiveCfg = DLL ASM Release|Win32
		{045B440F-4360-4BD4-B1D9-5B522AF66BE3}.DLL ASM Release.Build.0 = DLL ASM Release|Win32
		{045B440F-4360-4BD4-B1D9-5B522AF66BE3}.DLL Debug.ActiveCfg = DLL Debug|Win32
		{045B440F-4360-4BD4-B1D9-5B522AF66BE3}.DLL Debug.Build.0 = DLL Debug|Win32
		{045B440F-4360-4BD4-B1D9-5B522AF66BE3}.DLL Release.ActiveCfg = DLL Release|Win32
		{045B440F-4360-4BD4-B1D9-5B522AF66BE3}.DLL Release.Build.0 = DLL Release|Win32
		{045B440F-4360-4BD4-B1D9-5B522AF66BE3}.LIB ASM Debug.ActiveCfg = LIB ASM Debug|Win32
		{045B440F-4360-4BD4-B1D9-5B522AF66BE3}.LIB ASM Debug.Build.0 = LIB ASM Debug|Win32
		{045B440F-4360-4BD4-B1D9-5B522AF66BE3}.LIB ASM Release.ActiveCfg = LIB ASM Release|Win32
		{045B440F-4360-4BD4-B1D9-5B522AF66BE3}.LIB ASM Release.Build.0 = LIB ASM Release|Win32
		{045B440F-4360-4BD4-B1D9-5B522AF66BE3}.LIB Debug.ActiveCfg = LIB Debug|Win32
		{045B440F-4360-4BD4-B1D9-5B522AF66BE3}.LIB Debug.Build.0 = LIB Debug|Win32
		{045B440F-4360-4BD4-B1D9-5B522AF66BE3}.LIB Release.ActiveCfg = LIB Release|Win32
		{045B440F-4360-4BD4-B1D9-5B522AF66BE3}.LIB Release.Build.0 = LIB Release|Win32
	EndGlobalSection
	GlobalSection(ExtensibilityGlobals) = postSolution
	EndGlobalSection
	GlobalSection(ExtensibilityAddIns) = postSolution
	EndGlobalSection
EndGlobal
